
Microsoft Visual Studio Solution File, Format Version 12.00
# Visual Studio Version 17
VisualStudioVersion = 17.8.34511.84
MinimumVisualStudioVersion = 10.0.40219.1
Project("{8BC9CEB8-8B4A-11D0-8D11-00A0C91BC942}") = "GF3D", "GF3D\GF3D.vcxproj", "{9B4A0CDA-E0CC-438B-8853-18B99CF954AE}"
EndProject
Global
	GlobalSection(SolutionConfigurationPlatforms) = preSolution
		Debug|x64 = Debug|x64
		Debug|x86 = Debug|x86
		Release|x64 = Release|x64
		Release|x86 = Release|x86
	EndGlobalSection
	GlobalSection(ProjectConfigurationPlatforms) = postSolution
		{9B4A0CDA-E0CC-438B-8853-18B99CF954AE}.Debug|x64.ActiveCfg = Debug|x64
		{9B4A0CDA-E0CC-438B-8853-18B99CF954AE}.Debug|x64.Build.0 = Debug|x64
		{9B4A0CDA-E0CC-438B-8853-18B99CF954AE}.Debug|x86.ActiveCfg = Debug|Win32
		{9B4A0CDA-E0CC-438B-8853-18B99CF954AE}.Debug|x86.Build.0 = Debug|Win32
		{9B4A0CDA-E0CC-438B-8853-18B99CF954AE}.Release|x64.ActiveCfg = Release|x64
		{9B4A0CDA-E0CC-438B-8853-18B99CF954AE}.Release|x64.Build.0 = Release|x64
		{9B4A0CDA-E0CC-438B-8853-18B99CF954AE}.Release|x86.ActiveCfg = Release|Win32
		{9B4A0CDA-E0CC-438B-8853-18B99CF954AE}.Release|x86.Build.0 = Release|Win32
	EndGlobalSection
	GlobalSection(SolutionProperties) = preSolution
		HideSolutionNode = FALSE
	EndGlobalSection
	GlobalSection(ExtensibilityGlobals) = postSolution
		SolutionGuid = {4314DB30-AFED-4B43-B787-64EC32ED475A}
	EndGlobalSection
EndGlobal
